
Microsoft Visual Studio Solution File, Format Version 12.00
# Visual Studio Version 16
VisualStudioVersion = 16.0.30114.105
MinimumVisualStudioVersion = 10.0.40219.1
Project("{FAE04EC0-301F-11D3-BF4B-00C04F79EFBC}") = "DialogueTree", "DialogueTree\DialogueTree.csproj", "{83828CBA-ECAF-4E98-971E-9F47C884A86E}"
EndProject
Global
	GlobalSection(SolutionConfigurationPlatforms) = preSolution
		Debug|Any CPU = Debug|Any CPU
		Release|Any CPU = Release|Any CPU
	EndGlobalSection
	GlobalSection(ProjectConfigurationPlatforms) = postSolution
		{83828CBA-ECAF-4E98-971E-9F47C884A86E}.Debug|Any CPU.ActiveCfg = Debug|Any CPU
		{83828CBA-ECAF-4E98-971E-9F47C884A86E}.Debug|Any CPU.Build.0 = Debug|Any CPU
		{83828CBA-ECAF-4E98-971E-9F47C884A86E}.Release|Any CPU.ActiveCfg = Release|Any CPU
		{83828CBA-ECAF-4E98-971E-9F47C884A86E}.Release|Any CPU.Build.0 = Release|Any CPU
	EndGlobalSection
	GlobalSection(SolutionProperties) = preSolution
		HideSolutionNode = FALSE
	EndGlobalSection
	GlobalSection(ExtensibilityGlobals) = postSolution
		SolutionGuid = {732DA657-8747-4425-9444-585C4F246827}
	EndGlobalSection
EndGlobal
